
Microsoft Visual Studio Solution File, Format Version 12.00
# Visual Studio Version 17
VisualStudioVersion = 17.1.32414.318
MinimumVisualStudioVersion = 10.0.40219.1
Project("{FAE04EC0-301F-11D3-BF4B-00C04F79EFBC}") = "MvcWebApp", "MvcWebApp\MvcWebApp.csproj", "{1F5DCBB8-BA0D-4C2E-9AE3-F90B2BA506DE}"
EndProject
Project("{FAE04EC0-301F-11D3-BF4B-00C04F79EFBC}") = "WebData", "WebData\WebData.csproj", "{B37C0F98-3E6C-4BB2-AF7F-9919185B4B4A}"
EndProject
Global
	GlobalSection(SolutionConfigurationPlatforms) = preSolution
		Debug|Any CPU = Debug|Any CPU
		Release|Any CPU = Release|Any CPU
	EndGlobalSection
	GlobalSection(ProjectConfigurationPlatforms) = postSolution
		{1F5DCBB8-BA0D-4C2E-9AE3-F90B2BA506DE}.Debug|Any CPU.ActiveCfg = Debug|Any CPU
		{1F5DCBB8-BA0D-4C2E-9AE3-F90B2BA506DE}.Debug|Any CPU.Build.0 = Debug|Any CPU
		{1F5DCBB8-BA0D-4C2E-9AE3-F90B2BA506DE}.Release|Any CPU.ActiveCfg = Release|Any CPU
		{1F5DCBB8-BA0D-4C2E-9AE3-F90B2BA506DE}.Release|Any CPU.Build.0 = Release|Any CPU
		{B37C0F98-3E6C-4BB2-AF7F-9919185B4B4A}.Debug|Any CPU.ActiveCfg = Debug|Any CPU
		{B37C0F98-3E6C-4BB2-AF7F-9919185B4B4A}.Debug|Any CPU.Build.0 = Debug|Any CPU
		{B37C0F98-3E6C-4BB2-AF7F-9919185B4B4A}.Release|Any CPU.ActiveCfg = Release|Any CPU
		{B37C0F98-3E6C-4BB2-AF7F-9919185B4B4A}.Release|Any CPU.Build.0 = Release|Any CPU
	EndGlobalSection
	GlobalSection(SolutionProperties) = preSolution
		HideSolutionNode = FALSE
	EndGlobalSection
	GlobalSection(ExtensibilityGlobals) = postSolution
		SolutionGuid = {4A3F8045-C50D-4A88-B4F7-579A3501D3DE}
	EndGlobalSection
EndGlobal
